# This file is automatically @generated by Cargo.
# It is not intended for manual editing.
[[package]]
name = "plain"
version = "0.2.3"
source = "registry+https://github.com/rust-lang/crates.io-index"

[[package]]
name = "redox_uefi"
version = "0.1.1"
source = "git+https://gitlab.redox-os.org/tcrawford/uefi.git?branch=fvb#b79d0cd442298bde34e776e6e24ef7cd842d5a3b"

[[package]]
name = "smmstore"
version = "0.1.0"
dependencies = [
 "plain 0.2.3 (registry+https://github.com/rust-lang/crates.io-index)",
 "redox_uefi 0.1.1 (git+https://gitlab.redox-os.org/tcrawford/uefi.git?branch=fvb)",
]

[metadata]
"checksum plain 0.2.3 (registry+https://github.com/rust-lang/crates.io-index)" = "b4596b6d070b27117e987119b4dac604f3c58cfb0b191112e24771b2faeac1a6"
"checksum redox_uefi 0.1.1 (git+https://gitlab.redox-os.org/tcrawford/uefi.git?branch=fvb)" = "<none>"
