# This file is automatically @generated by Cargo.
# It is not intended for manual editing.
[[package]]
name = "redox_uefi"
version = "0.1.1"
source = "registry+https://github.com/rust-lang/crates.io-index"

[[package]]
name = "smmstore"
version = "0.1.0"
dependencies = [
 "redox_uefi 0.1.1 (registry+https://github.com/rust-lang/crates.io-index)",
]

[metadata]
"checksum redox_uefi 0.1.1 (registry+https://github.com/rust-lang/crates.io-index)" = "76b1eb37daacaa876f0194974d5cb424031f0b3c7545662dc34789fdd32cdeca"
